Microsoft Visual Studio Solution File, Format Version 12.00
# Visual Studio Version 17
VisualStudioVersion = 17.5.2.0
MinimumVisualStudioVersion = 10.0.40219.1
Project("{FAE04EC0-301F-11D3-BF4B-00C04F79EFBC}") = "lab01-131025", "lab01-131025\lab01-131025.csproj", "{E9A43EBF-0B3A-42ED-AF76-4E2600A495D1}"
EndProject
Global
	GlobalSection(SolutionConfigurationPlatforms) = preSolution
		Debug|Any CPU = Debug|Any CPU
		Release|Any CPU = Release|Any CPU
	EndGlobalSection
	GlobalSection(ProjectConfigurationPlatforms) = postSolution
		{E9A43EBF-0B3A-42ED-AF76-4E2600A495D1}.Debug|Any CPU.ActiveCfg = Debug|Any CPU
		{E9A43EBF-0B3A-42ED-AF76-4E2600A495D1}.Debug|Any CPU.Build.0 = Debug|Any CPU
		{E9A43EBF-0B3A-42ED-AF76-4E2600A495D1}.Release|Any CPU.ActiveCfg = Release|Any CPU
		{E9A43EBF-0B3A-42ED-AF76-4E2600A495D1}.Release|Any CPU.Build.0 = Release|Any CPU
	EndGlobalSection
	GlobalSection(SolutionProperties) = preSolution
		HideSolutionNode = FALSE
	EndGlobalSection
	GlobalSection(ExtensibilityGlobals) = postSolution
		SolutionGuid = {B8CD411C-8A27-4A29-A5F1-4E9631D9745D}
	EndGlobalSection
EndGlobal
